
Microsoft Visual Studio Solution File, Format Version 12.00
# Visual Studio Version 17
VisualStudioVersion = 17.7.34202.233
MinimumVisualStudioVersion = 10.0.40219.1
Project("{FAE04EC0-301F-11D3-BF4B-00C04F79EFBC}") = "HegyiKerekpar", "HegyiKerekpar.csproj", "{A22F715D-8540-4F73-B9AF-254B5B5CEC02}"
EndProject
Global
	GlobalSection(SolutionConfigurationPlatforms) = preSolution
		Debug|Any CPU = Debug|Any CPU
		Release|Any CPU = Release|Any CPU
	EndGlobalSection
	GlobalSection(ProjectConfigurationPlatforms) = postSolution
		{A22F715D-8540-4F73-B9AF-254B5B5CEC02}.Debug|Any CPU.ActiveCfg = Debug|Any CPU
		{A22F715D-8540-4F73-B9AF-254B5B5CEC02}.Debug|Any CPU.Build.0 = Debug|Any CPU
		{A22F715D-8540-4F73-B9AF-254B5B5CEC02}.Release|Any CPU.ActiveCfg = Release|Any CPU
		{A22F715D-8540-4F73-B9AF-254B5B5CEC02}.Release|Any CPU.Build.0 = Release|Any CPU
	EndGlobalSection
	GlobalSection(SolutionProperties) = preSolution
		HideSolutionNode = FALSE
	EndGlobalSection
	GlobalSection(ExtensibilityGlobals) = postSolution
		SolutionGuid = {EB33BA68-55B7-4AFB-9F22-552A34B45306}
	EndGlobalSection
EndGlobal
